// !$*UTF8*$!
{
	archiveVersion = 1;
	classes = {
	};
	objectVersion = 46;
	objects = {

/* Begin PBXBuildFile section */
		F424C4CF1C8FEE29000EA137 /* main.m in Sources */ = {isa = PBXBuildFile; fileRef = F424C4CE1C8FEE29000EA137 /* main.m */; };
		F424C4D21C8FEE29000EA137 /* AppDelegate.m in Sources */ = {isa = PBXBuildFile; fileRef = F424C4D11C8FEE29000EA137 /* AppDelegate.m */; };
		F424C4D51C8FEE29000EA137 /* ViewController.m in Sources */ = {isa = PBXBuildFile; fileRef = F424C4D41C8FEE29000EA137 /* ViewController.m */; };
		F424C4D81C8FEE29000EA137 /* Main.storyboard in Resources */ = {isa = PBXBuildFile; fileRef = F424C4D61C8FEE29000EA137 /* Main.storyboard */; };
		F424C4DA1C8FEE29000EA137 /* Assets.xcassets in Resources */ = {isa = PBXBuildFile; fileRef = F424C4D91C8FEE29000EA137 /* Assets.xcassets */; };
		F424C4DD1C8FEE29000EA137 /* LaunchScreen.storyboard in Resources */ = {isa = PBXBuildFile; fileRef = F424C4DB1C8FEE29000EA137 /* LaunchScreen.storyboard */; };
		F424C4E81C8FEE29000EA137 /* LinkGameTests.m in Sources */ = {isa = PBXBuildFile; fileRef = F424C4E71C8FEE29000EA137 /* LinkGameTests.m */; };
		F424C4F31C8FEE29000EA137 /* LinkGameUITests.m in Sources */ = {isa = PBXBuildFile; fileRef = F424C4F21C8FEE29000EA137 /* LinkGameUITests.m */; };
/* End PBXBuildFile section */

/* Begin PBXContainerItemProxy section */
		F424C4E41C8FEE29000EA137 /* PBXContainerItemProxy */ = {
			isa = PBXContainerItemProxy;
			containerPortal = F424C4C21C8FEE29000EA137 /* Project object */;
			proxyType = 1;
			remoteGlobalIDString = F424C4C91C8FEE29000EA137;
			remoteInfo = LinkGame;
		};
		F424C4EF1C8FEE29000EA137 /* PBXContainerItemProxy */ = {
			isa = PBXContainerItemProxy;
			containerPortal = F424C4C21C8FEE29000EA137 /* Project object */;
			proxyType = 1;
			remoteGlobalIDString = F424C4C91C8FEE29000EA137;
			remoteInfo = LinkGame;
		};
/* End PBXContainerItemProxy section */

/* Begin PBXFileReference section */
		F424C4CA1C8FEE29000EA137 /* LinkGame.app */ = {isa = PBXFileReference; explicitFileType = wrapper.application; includeInIndex = 0; path = LinkGame.app; sourceTree = BUILT_PRODUCTS_DIR; };
		F424C4CE1C8FEE29000EA137 /* main.m */ = {isa = PBXFileReference; lastKnownFileType = sourcecode.c.objc; path = main.m; sourceTree = "<group>"; };
		F424C4D01C8FEE29000EA137 /* AppDelegate.h */ = {isa = PBXFileReference; lastKnownFileType = sourcecode.c.h; path = AppDelegate.h; sourceTree = "<group>"; };
		F424C4D11C8FEE29000EA137 /* AppDelegate.m */ = {isa = PBXFileReference; lastKnownFileType = sourcecode.c.objc; path = AppDelegate.m; sourceTree = "<group>"; };
		F424C4D31C8FEE29000EA137 /* ViewController.h */ = {isa = PBXFileReference; lastKnownFileType = sourcecode.c.h; path = ViewController.h; sourceTree = "<group>"; };
		F424C4D41C8FEE29000EA137 /* ViewController.m */ = {isa = PBXFileReference; lastKnownFileType = sourcecode.c.objc; path = ViewController.m; sourceTree = "<group>"; };
		F424C4D71C8FEE29000EA137 /* Base */ = {isa = PBXFileReference; lastKnownFileType = file.storyboard; name = Base; path = Base.lproj/Main.storyboard; sourceTree = "<group>"; };
		F424C4D91C8FEE29000EA137 /* Assets.xcassets */ = {isa = PBXFileReference; lastKnownFileType = folder.assetcatalog; path = Assets.xcassets; sourceTree = "<group>"; };
		F424C4DC1C8FEE29000EA137 /* Base */ = {isa = PBXFileReference; lastKnownFileType = file.storyboard; name = Base; path = Base.lproj/LaunchScreen.storyboard; sourceTree = "<group>"; };
		F424C4DE1C8FEE29000EA137 /* Info.plist */ = {isa = PBXFileReference; lastKnownFileType = text.plist.xml; path = Info.plist; sourceTree = "<group>"; };
		F424C4E31C8FEE29000EA137 /* LinkGameTests.xctest */ = {isa = PBXFileReference; explicitFileType = wrapper.cfbundle; includeInIndex = 0; path = LinkGameTests.xctest; sourceTree = BUILT_PRODUCTS_DIR; };
		F424C4E71C8FEE29000EA137 /* LinkGameTests.m */ = {isa = PBXFileReference; lastKnownFileType = sourcecode.c.objc; path = LinkGameTests.m; sourceTree = "<group>"; };
		F424C4E91C8FEE29000EA137 /* Info.plist */ = {isa = PBXFileReference; lastKnownFileType = text.plist.xml; path = Info.plist; sourceTree = "<group>"; };
		F424C4EE1C8FEE29000EA137 /* LinkGameUITests.xctest */ = {isa = PBXFileReference; explicitFileType = wrapper.cfbundle; includeInIndex = 0; path = LinkGameUITests.xctest; sourceTree = BUILT_PRODUCTS_DIR; };
		F424C4F21C8FEE29000EA137 /* LinkGameUITests.m */ = {isa = PBXFileReference; lastKnownFileType = sourcecode.c.objc; path = LinkGameUITests.m; sourceTree = "<group>"; };
		F424C4F41C8FEE29000EA137 /* Info.plist */ = {isa = PBXFileReference; lastKnownFileType = text.plist.xml; path = Info.plist; sourceTree = "<group>"; };
/* End PBXFileReference section */

/* Begin PBXFrameworksBuildPhase section */
		F424C4C71C8FEE29000EA137 /* Frameworks */ = {
			isa = PBXFrameworksBuildPhase;
			buildActionMask = 2147483647;
			files = (
			);
			runOnlyForDeploymentPostprocessing = 0;
		};
		F424C4E01C8FEE29000EA137 /* Frameworks */ = {
			isa = PBXFrameworksBuildPhase;
			buildActionMask = 2147483647;
			files = (
			);
			runOnlyForDeploymentPostprocessing = 0;
		};
		F424C4EB1C8FEE29000EA137 /* Frameworks */ = {
			isa = PBXFrameworksBuildPhase;
			buildActionMask = 2147483647;
			files = (
			);
			runOnlyForDeploymentPostprocessing = 0;
		};
/* End PBXFrameworksBuildPhase section */

/* Begin PBXGroup section */
		F424C4C11C8FEE29000EA137 = {
			isa = PBXGroup;
			children = (
				F424C4CC1C8FEE29000EA137 /* LinkGame */,
				F424C4E61C8FEE29000EA137 /* LinkGameTests */,
				F424C4F11C8FEE29000EA137 /* LinkGameUITests */,
				F424C4CB1C8FEE29000EA137 /* Products */,
			);
			sourceTree = "<group>";
		};
		F424C4CB1C8FEE29000EA137 /* Products */ = {
			isa = PBXGroup;
			children = (
				F424C4CA1C8FEE29000EA137 /* LinkGame.app */,
				F424C4E31C8FEE29000EA137 /* LinkGameTests.xctest */,
				F424C4EE1C8FEE29000EA137 /* LinkGameUITests.xctest */,
			);
			name = Products;
			sourceTree = "<group>";
		};
		F424C4CC1C8FEE29000EA137 /* LinkGame */ = {
			isa = PBXGroup;
			children = (
				F424C4D01C8FEE29000EA137 /* AppDelegate.h */,
				F424C4D11C8FEE29000EA137 /* AppDelegate.m */,
				F424C4D31C8FEE29000EA137 /* ViewController.h */,
				F424C4D41C8FEE29000EA137 /* ViewController.m */,
				F424C4D61C8FEE29000EA137 /* Main.storyboard */,
				F424C4D91C8FEE29000EA137 /* Assets.xcassets */,
				F424C4DB1C8FEE29000EA137 /* LaunchScreen.storyboard */,
				F424C4DE1C8FEE29000EA137 /* Info.plist */,
				F424C4CD1C8FEE29000EA137 /* Supporting Files */,
			);
			path = LinkGame;
			sourceTree = "<group>";
		};
		F424C4CD1C8FEE29000EA137 /* Supporting Files */ = {
			isa = PBXGroup;
			children = (
				F424C4CE1C8FEE29000EA137 /* main.m */,
			);
			name = "Supporting Files";
			sourceTree = "<group>";
		};
		F424C4E61C8FEE29000EA137 /* LinkGameTests */ = {
			isa = PBXGroup;
			children = (
				F424C4E71C8FEE29000EA137 /* LinkGameTests.m */,
				F424C4E91C8FEE29000EA137 /* Info.plist */,
			);
			path = LinkGameTests;
			sourceTree = "<group>";
		};
		F424C4F11C8FEE29000EA137 /* LinkGameUITests */ = {
			isa = PBXGroup;
			children = (
				F424C4F21C8FEE29000EA137 /* LinkGameUITests.m */,
				F424C4F41C8FEE29000EA137 /* Info.plist */,
			);
			path = LinkGameUITests;
			sourceTree = "<group>";
		};
/* End PBXGroup section */

/* Begin PBXNativeTarget section */
		F424C4C91C8FEE29000EA137 /* LinkGame */ = {
			isa = PBXNativeTarget;
			buildConfigurationList = F424C4F71C8FEE29000EA137 /* Build configuration list for PBXNativeTarget "LinkGame" */;
			buildPhases = (
				F424C4C61C8FEE29000EA137 /* Sources */,
				F424C4C71C8FEE29000EA137 /* Frameworks */,
				F424C4C81C8FEE29000EA137 /* Resources */,
			);
			buildRules = (
			);
			dependencies = (
			);
			name = LinkGame;
			productName = LinkGame;
			productReference = F424C4CA1C8FEE29000EA137 /* LinkGame.app */;
			productType = "com.apple.product-type.application";
		};
		F424C4E21C8FEE29000EA137 /* LinkGameTests */ = {
			isa = PBXNativeTarget;
			buildConfigurationList = F424C4FA1C8FEE29000EA137 /* Build configuration list for PBXNativeTarget "LinkGameTests" */;
			buildPhases = (
				F424C4DF1C8FEE29000EA137 /* Sources */,
				F424C4E01C8FEE29000EA137 /* Frameworks */,
				F424C4E11C8FEE29000EA137 /* Resources */,
			);
			buildRules = (
			);
			dependencies = (
				F424C4E51C8FEE29000EA137 /* PBXTargetDependency */,
			);
			name = LinkGameTests;
			productName = LinkGameTests;
			productReference = F424C4E31C8FEE29000EA137 /* LinkGameTests.xctest */;
			productType = "com.apple.product-type.bundle.unit-test";
		};
		F424C4ED1C8FEE29000EA137 /* LinkGameUITests */ = {
			isa = PBXNativeTarget;
			buildConfigurationList = F424C4FD1C8FEE29000EA137 /* Build configuration list for PBXNativeTarget "LinkGameUITests" */;
			buildPhases = (
				F424C4EA1C8FEE29000EA137 /* Sources */,
				F424C4EB1C8FEE29000EA137 /* Frameworks */,
				F424C4EC1C8FEE29000EA137 /* Resources */,
			);
			buildRules = (
			);
			dependencies = (
				F424C4F01C8FEE29000EA137 /* PBXTargetDependency */,
			);
			name = LinkGameUITests;
			productName = LinkGameUITests;
			productReference = F424C4EE1C8FEE29000EA137 /* LinkGameUITests.xctest */;
			productType = "com.apple.product-type.bundle.ui-testing";
		};
/* End PBXNativeTarget section */

/* Begin PBXProject section */
		F424C4C21C8FEE29000EA137 /* Project object */ = {
			isa = PBXProject;
			attributes = {
				LastUpgradeCheck = 0720;
				ORGANIZATIONNAME = zorro;
				TargetAttributes = {
					F424C4C91C8FEE29000EA137 = {
						CreatedOnToolsVersion = 7.2.1;
					};
					F424C4E21C8FEE29000EA137 = {
						CreatedOnToolsVersion = 7.2.1;
						TestTargetID = F424C4C91C8FEE29000EA137;
					};
					F424C4ED1C8FEE29000EA137 = {
						CreatedOnToolsVersion = 7.2.1;
						TestTargetID = F424C4C91C8FEE29000EA137;
					};
				};
			};
			buildConfigurationList = F424C4C51C8FEE29000EA137 /* Build configuration list for PBXProject "LinkGame" */;
			compatibilityVersion = "Xcode 3.2";
			developmentRegion = English;
			hasScannedForEncodings = 0;
			knownRegions = (
				en,
				Base,
			);
			mainGroup = F424C4C11C8FEE29000EA137;
			productRefGroup = F424C4CB1C8FEE29000EA137 /* Products */;
			projectDirPath = "";
			projectRoot = "";
			targets = (
				F424C4C91C8FEE29000EA137 /* LinkGame */,
				F424C4E21C8FEE29000EA137 /* LinkGameTests */,
				F424C4ED1C8FEE29000EA137 /* LinkGameUITests */,
			);
		};
/* End PBXProject section */

/* Begin PBXResourcesBuildPhase section */
		F424C4C81C8FEE29000EA137 /* Resources */ = {
			isa = PBXResourcesBuildPhase;
			buildActionMask = 2147483647;
			files = (
				F424C4DD1C8FEE29000EA137 /* LaunchScreen.storyboard in Resources */,
				F424C4DA1C8FEE29000EA137 /* Assets.xcassets in Resources */,
				F424C4D81C8FEE29000EA137 /* Main.storyboard in Resources */,
			);
			runOnlyForDeploymentPostprocessing = 0;
		};
		F424C4E11C8FEE29000EA137 /* Resources */ = {
			isa = PBXResourcesBuildPhase;
			buildActionMask = 2147483647;
			files = (
			);
			runOnlyForDeploymentPostprocessing = 0;
		};
		F424C4EC1C8FEE29000EA137 /* Resources */ = {
			isa = PBXResourcesBuildPhase;
			buildActionMask = 2147483647;
			files = (
			);
			runOnlyForDeploymentPostprocessing = 0;
		};
/* End PBXResourcesBuildPhase section */

/* Begin PBXSourcesBuildPhase section */
		F424C4C61C8FEE29000EA137 /* Sources */ = {
			isa = PBXSourcesBuildPhase;
			buildActionMask = 2147483647;
			files = (
				F424C4D51C8FEE29000EA137 /* ViewController.m in Sources */,
				F424C4D21C8FEE29000EA137 /* AppDelegate.m in Sources */,
				F424C4CF1C8FEE29000EA137 /* main.m in Sources */,
			);
			runOnlyForDeploymentPostprocessing = 0;
		};
		F424C4DF1C8FEE29000EA137 /* Sources */ = {
			isa = PBXSourcesBuildPhase;
			buildActionMask = 2147483647;
			files = (
				F424C4E81C8FEE29000EA137 /* LinkGameTests.m in Sources */,
			);
			runOnlyForDeploymentPostprocessing = 0;
		};
		F424C4EA1C8FEE29000EA137 /* Sources */ = {
			isa = PBXSourcesBuildPhase;
			buildActionMask = 2147483647;
			files = (
				F424C4F31C8FEE29000EA137 /* LinkGameUITests.m in Sources */,
			);
			runOnlyForDeploymentPostprocessing = 0;
		};
/* End PBXSourcesBuildPhase section */

/* Begin PBXTargetDependency section */
		F424C4E51C8FEE29000EA137 /* PBXTargetDependency */ = {
			isa = PBXTargetDependency;
			target = F424C4C91C8FEE29000EA137 /* LinkGame */;
			targetProxy = F424C4E41C8FEE29000EA137 /* PBXContainerItemProxy */;
		};
		F424C4F01C8FEE29000EA137 /* PBXTargetDependency */ = {
			isa = PBXTargetDependency;
			target = F424C4C91C8FEE29000EA137 /* LinkGame */;
			targetProxy = F424C4EF1C8FEE29000EA137 /* PBXContainerItemProxy */;
		};
/* End PBXTargetDependency section */

/* Begin PBXVariantGroup section */
		F424C4D61C8FEE29000EA137 /* Main.storyboard */ = {
			isa = PBXVariantGroup;
			children = (
				F424C4D71C8FEE29000EA137 /* Base */,
			);
			name = Main.storyboard;
			sourceTree = "<group>";
		};
		F424C4DB1C8FEE29000EA137 /* LaunchScreen.storyboard */ = {
			isa = PBXVariantGroup;
			children = (
				F424C4DC1C8FEE29000EA137 /* Base */,
			);
			name = LaunchScreen.storyboard;
			sourceTree = "<group>";
		};
/* End PBXVariantGroup section */

/* Begin XCBuildConfiguration section */
		F424C4F51C8FEE29000EA137 /* Debug */ = {
			isa = XCBuildConfiguration;
			buildSettings = {
				ALWAYS_SEARCH_USER_PATHS = NO;
				CLANG_CXX_LANGUAGE_STANDARD = "gnu++0x";
				CLANG_CXX_LIBRARY = "libc++";
				CLANG_ENABLE_MODULES = YES;
				CLANG_ENABLE_OBJC_ARC = YES;
				CLANG_WARN_BOOL_CONVERSION = YES;
				CLANG_WARN_CONSTANT_CONVERSION = YES;
				CLANG_WARN_DIRECT_OBJC_ISA_USAGE = YES_ERROR;
				CLANG_WARN_EMPTY_BODY = YES;
				CLANG_WARN_ENUM_CONVERSION = YES;
				CLANG_WARN_INT_CONVERSION = YES;
				CLANG_WARN_OBJC_ROOT_CLASS = YES_ERROR;
				CLANG_WARN_UNREACHABLE_CODE = YES;
				CLANG_WARN__DUPLICATE_METHOD_MATCH = YES;
				"CODE_SIGN_IDENTITY[sdk=iphoneos*]" = "iPhone Developer";
				COPY_PHASE_STRIP = NO;
				DEBUG_INFORMATION_FORMAT = dwarf;
				ENABLE_STRICT_OBJC_MSGSEND = YES;
				ENABLE_TESTABILITY = YES;
				GCC_C_LANGUAGE_STANDARD = gnu99;
				GCC_DYNAMIC_NO_PIC = NO;
				GCC_NO_COMMON_BLOCKS = YES;
				GCC_OPTIMIZATION_LEVEL = 0;
				GCC_PREPROCESSOR_DEFINITIONS = (
					"DEBUG=1",
					"$(inherited)",
				);
				GCC_WARN_64_TO_32_BIT_CONVERSION = YES;
				GCC_WARN_ABOUT_RETURN_TYPE = YES_ERROR;
				GCC_WARN_UNDECLARED_SELECTOR = YES;
				GCC_WARN_UNINITIALIZED_AUTOS = YES_AGGRESSIVE;
				GCC_WARN_UNUSED_FUNCTION = YES;
				GCC_WARN_UNUSED_VARIABLE = YES;
				IPHONEOS_DEPLOYMENT_TARGET = 9.2;
				MTL_ENABLE_DEBUG_INFO = YES;
				ONLY_ACTIVE_ARCH = YES;
				SDKROOT = iphoneos;
				TARGETED_DEVICE_FAMILY = "1,2";
			};
			name = Debug;
		};
		F424C4F61C8FEE29000EA137 /* Release */ = {
			isa = XCBuildConfiguration;
			buildSettings = {
				ALWAYS_SEARCH_USER_PATHS = NO;
				CLANG_CXX_LANGUAGE_STANDARD = "gnu++0x";
				CLANG_CXX_LIBRARY = "libc++";
				CLANG_ENABLE_MODULES = YES;
				CLANG_ENABLE_OBJC_ARC = YES;
				CLANG_WARN_BOOL_CONVERSION = YES;
				CLANG_WARN_CONSTANT_CONVERSION = YES;
				CLANG_WARN_DIRECT_OBJC_ISA_USAGE = YES_ERROR;
				CLANG_WARN_EMPTY_BODY = YES;
				CLANG_WARN_ENUM_CONVERSION = YES;
				CLANG_WARN_INT_CONVERSION = YES;
				CLANG_WARN_OBJC_ROOT_CLASS = YES_ERROR;
				CLANG_WARN_UNREACHABLE_CODE = YES;
				CLANG_WARN__DUPLICATE_METHOD_MATCH = YES;
				"CODE_SIGN_IDENTITY[sdk=iphoneos*]" = "iPhone Developer";
				COPY_PHASE_STRIP = NO;
				DEBUG_INFORMATION_FORMAT = "dwarf-with-dsym";
				ENABLE_NS_ASSERTIONS = NO;
				ENABLE_STRICT_OBJC_MSGSEND = YES;
				GCC_C_LANGUAGE_STANDARD = gnu99;
				GCC_NO_COMMON_BLOCKS = YES;
				GCC_WARN_64_TO_32_BIT_CONVERSION = YES;
				GCC_WARN_ABOUT_RETURN_TYPE = YES_ERROR;
				GCC_WARN_UNDECLARED_SELECTOR = YES;
				GCC_WARN_UNINITIALIZED_AUTOS = YES_AGGRESSIVE;
				GCC_WARN_UNUSED_FUNCTION = YES;
				GCC_WARN_UNUSED_VARIABLE = YES;
				IPHONEOS_DEPLOYMENT_TARGET = 9.2;
				MTL_ENABLE_DEBUG_INFO = NO;
				SDKROOT = iphoneos;
				TARGETED_DEVICE_FAMILY = "1,2";
				VALIDATE_PRODUCT = YES;
			};
			name = Release;
		};
		F424C4F81C8FEE29000EA137 /* Debug */ = {
			isa = XCBuildConfiguration;
			buildSettings = {
				ASSETCATALOG_COMPILER_APPICON_NAME = AppIcon;
				INFOPLIST_FILE = LinkGame/Info.plist;
				LD_RUNPATH_SEARCH_PATHS = "$(inherited) @executable_path/Frameworks";
				PRODUCT_BUNDLE_IDENTIFIER = gamelinkzorro.LinkGame;
				PRODUCT_NAME = "$(TARGET_NAME)";
			};
			name = Debug;
		};
		F424C4F91C8FEE29000EA137 /* Release */ = {
			isa = XCBuildConfiguration;
			buildSettings = {
				ASSETCATALOG_COMPILER_APPICON_NAME = AppIcon;
				INFOPLIST_FILE = LinkGame/Info.plist;
				LD_RUNPATH_SEARCH_PATHS = "$(inherited) @executable_path/Frameworks";
				PRODUCT_BUNDLE_IDENTIFIER = gamelinkzorro.LinkGame;
				PRODUCT_NAME = "$(TARGET_NAME)";
			};
			name = Release;
		};
		F424C4FB1C8FEE29000EA137 /* Debug */ = {
			isa = XCBuildConfiguration;
			buildSettings = {
				BUNDLE_LOADER = "$(TEST_HOST)";
				INFOPLIST_FILE = LinkGameTests/Info.plist;
				LD_RUNPATH_SEARCH_PATHS = "$(inherited) @executable_path/Frameworks @loader_path/Frameworks";
				PRODUCT_BUNDLE_IDENTIFIER = gamelinkzorro.LinkGameTests;
				PRODUCT_NAME = "$(TARGET_NAME)";
				TEST_HOST = "$(BUILT_PRODUCTS_DIR)/LinkGame.app/LinkGame";
			};
			name = Debug;
		};
		F424C4FC1C8FEE29000EA137 /* Release */ = {
			isa = XCBuildConfiguration;
			buildSettings = {
				BUNDLE_LOADER = "$(TEST_HOST)";
				INFOPLIST_FILE = LinkGameTests/Info.plist;
				LD_RUNPATH_SEARCH_PATHS = "$(inherited) @executable_path/Frameworks @loader_path/Frameworks";
				PRODUCT_BUNDLE_IDENTIFIER = gamelinkzorro.LinkGameTests;
				PRODUCT_NAME = "$(TARGET_NAME)";
				TEST_HOST = "$(BUILT_PRODUCTS_DIR)/LinkGame.app/LinkGame";
			};
			name = Release;
		};
		F424C4FE1C8FEE29000EA137 /* Debug */ = {
			isa = XCBuildConfiguration;
			buildSettings = {
				INFOPLIST_FILE = LinkGameUITests/Info.plist;
				LD_RUNPATH_SEARCH_PATHS = "$(inherited) @executable_path/Frameworks @loader_path/Frameworks";
				PRODUCT_BUNDLE_IDENTIFIER = gamelinkzorro.LinkGameUITests;
				PRODUCT_NAME = "$(TARGET_NAME)";
				TEST_TARGET_NAME = LinkGame;
				USES_XCTRUNNER = YES;
			};
			name = Debug;
		};
		F424C4FF1C8FEE29000EA137 /* Release */ = {
			isa = XCBuildConfiguration;
			buildSettings = {
				INFOPLIST_FILE = LinkGameUITests/Info.plist;
				LD_RUNPATH_SEARCH_PATHS = "$(inherited) @executable_path/Frameworks @loader_path/Frameworks";
				PRODUCT_BUNDLE_IDENTIFIER = gamelinkzorro.LinkGameUITests;
				PRODUCT_NAME = "$(TARGET_NAME)";
				TEST_TARGET_NAME = LinkGame;
				USES_XCTRUNNER = YES;
			};
			name = Release;
		};
/* End XCBuildConfiguration section */

/* Begin XCConfigurationList section */
		F424C4C51C8FEE29000EA137 /* Build configuration list for PBXProject "LinkGame" */ = {
			isa = XCConfigurationList;
			buildConfigurations = (
				F424C4F51C8FEE29000EA137 /* Debug */,
				F424C4F61C8FEE29000EA137 /* Release */,
			);
			defaultConfigurationIsVisible = 0;
			defaultConfigurationName = Release;
		};
		F424C4F71C8FEE29000EA137 /* Build configuration list for PBXNativeTarget "LinkGame" */ = {
			isa = XCConfigurationList;
			buildConfigurations = (
				F424C4F81C8FEE29000EA137 /* Debug */,
				F424C4F91C8FEE29000EA137 /* Release */,
			);
			defaultConfigurationIsVisible = 0;
		};
		F424C4FA1C8FEE29000EA137 /* Build configuration list for PBXNativeTarget "LinkGameTests" */ = {
			isa = XCConfigurationList;
			buildConfigurations = (
				F424C4FB1C8FEE29000EA137 /* Debug */,
				F424C4FC1C8FEE29000EA137 /* Release */,
			);
			defaultConfigurationIsVisible = 0;
		};
		F424C4FD1C8FEE29000EA137 /* Build configuration list for PBXNativeTarget "LinkGameUITests" */ = {
			isa = XCConfigurationList;
			buildConfigurations = (
				F424C4FE1C8FEE29000EA137 /* Debug */,
				F424C4FF1C8FEE29000EA137 /* Release */,
			);
			defaultConfigurationIsVisible = 0;
		};
/* End XCConfigurationList section */
	};
	rootObject = F424C4C21C8FEE29000EA137 /* Project object */;
}
